
Microsoft Visual Studio Solution File, Format Version 12.00
# Visual Studio Version 16
VisualStudioVersion = 16.0.34114.132
MinimumVisualStudioVersion = 10.0.40219.1
Project("{FAE04EC0-301F-11D3-BF4B-00C04F79EFBC}") = "Assessment1", "Assessment1\Assessment1.csproj", "{08B2C574-C207-4F4D-B8E3-5AE99353E56E}"
EndProject
Global
	GlobalSection(SolutionConfigurationPlatforms) = preSolution
		Debug|Any CPU = Debug|Any CPU
		Release|Any CPU = Release|Any CPU
	EndGlobalSection
	GlobalSection(ProjectConfigurationPlatforms) = postSolution
		{08B2C574-C207-4F4D-B8E3-5AE99353E56E}.Debug|Any CPU.ActiveCfg = Debug|Any CPU
		{08B2C574-C207-4F4D-B8E3-5AE99353E56E}.Debug|Any CPU.Build.0 = Debug|Any CPU
		{08B2C574-C207-4F4D-B8E3-5AE99353E56E}.Release|Any CPU.ActiveCfg = Release|Any CPU
		{08B2C574-C207-4F4D-B8E3-5AE99353E56E}.Release|Any CPU.Build.0 = Release|Any CPU
	EndGlobalSection
	GlobalSection(SolutionProperties) = preSolution
		HideSolutionNode = FALSE
	EndGlobalSection
	GlobalSection(ExtensibilityGlobals) = postSolution
		SolutionGuid = {A67BF59F-AE10-414C-9C3C-6B6649DA3965}
	EndGlobalSection
EndGlobal
